
Microsoft Visual Studio Solution File, Format Version 12.00
# Visual Studio 2013
VisualStudioVersion = 12.0.31101.0
MinimumVisualStudioVersion = 10.0.40219.1
Project("{FAE04EC0-301F-11D3-BF4B-00C04F79EFBC}") = "Source", "Source\Source.csproj", "{DC873334-5F90-4294-94D8-63BF6514627D}"
EndProject
Project("{FAE04EC0-301F-11D3-BF4B-00C04F79EFBC}") = "T4Helpers", "T4Helpers\T4Helpers.csproj", "{0609C323-BCC6-4901-B808-4756988E7670}"
EndProject
Global
	GlobalSection(SolutionConfigurationPlatforms) = preSolution
		Debug|Any CPU = Debug|Any CPU
		Release|Any CPU = Release|Any CPU
	EndGlobalSection
	GlobalSection(ProjectConfigurationPlatforms) = postSolution
		{DC873334-5F90-4294-94D8-63BF6514627D}.Debug|Any CPU.ActiveCfg = Debug|Any CPU
		{DC873334-5F90-4294-94D8-63BF6514627D}.Debug|Any CPU.Build.0 = Debug|Any CPU
		{DC873334-5F90-4294-94D8-63BF6514627D}.Release|Any CPU.ActiveCfg = Release|Any CPU
		{DC873334-5F90-4294-94D8-63BF6514627D}.Release|Any CPU.Build.0 = Release|Any CPU
		{0609C323-BCC6-4901-B808-4756988E7670}.Debug|Any CPU.ActiveCfg = Debug|Any CPU
		{0609C323-BCC6-4901-B808-4756988E7670}.Debug|Any CPU.Build.0 = Debug|Any CPU
		{0609C323-BCC6-4901-B808-4756988E7670}.Release|Any CPU.ActiveCfg = Release|Any CPU
		{0609C323-BCC6-4901-B808-4756988E7670}.Release|Any CPU.Build.0 = Release|Any CPU
	EndGlobalSection
	GlobalSection(SolutionProperties) = preSolution
		HideSolutionNode = FALSE
	EndGlobalSection
EndGlobal
